
Microsoft Visual Studio Solution File, Format Version 12.00
# Visual Studio Version 17
VisualStudioVersion = 17.12.35707.178 d17.12
MinimumVisualStudioVersion = 10.0.40219.1
Project("{FAE04EC0-301F-11D3-BF4B-00C04F79EFBC}") = "Ovning1", "Ovning1\Ovning1.csproj", "{AE5C6CA4-5C5E-47DE-A76D-D9C3847F89CC}"
EndProject
Project("{FAE04EC0-301F-11D3-BF4B-00C04F79EFBC}") = "Employees.Helpers", "Employees.Helpers\Employees.Helpers.csproj", "{D010BF88-E810-439B-987F-C54AB4CC0328}"
EndProject
Project("{FAE04EC0-301F-11D3-BF4B-00C04F79EFBC}") = "Employees.Abstractions", "Employees.Abstractions\Employees.Abstractions.csproj", "{5556A8E7-156C-47C1-8A7D-76F274CAC702}"
EndProject
Global
	GlobalSection(SolutionConfigurationPlatforms) = preSolution
		Debug|Any CPU = Debug|Any CPU
		Release|Any CPU = Release|Any CPU
	EndGlobalSection
	GlobalSection(ProjectConfigurationPlatforms) = postSolution
		{AE5C6CA4-5C5E-47DE-A76D-D9C3847F89CC}.Debug|Any CPU.ActiveCfg = Debug|Any CPU
		{AE5C6CA4-5C5E-47DE-A76D-D9C3847F89CC}.Debug|Any CPU.Build.0 = Debug|Any CPU
		{AE5C6CA4-5C5E-47DE-A76D-D9C3847F89CC}.Release|Any CPU.ActiveCfg = Release|Any CPU
		{AE5C6CA4-5C5E-47DE-A76D-D9C3847F89CC}.Release|Any CPU.Build.0 = Release|Any CPU
		{D010BF88-E810-439B-987F-C54AB4CC0328}.Debug|Any CPU.ActiveCfg = Debug|Any CPU
		{D010BF88-E810-439B-987F-C54AB4CC0328}.Debug|Any CPU.Build.0 = Debug|Any CPU
		{D010BF88-E810-439B-987F-C54AB4CC0328}.Release|Any CPU.ActiveCfg = Release|Any CPU
		{D010BF88-E810-439B-987F-C54AB4CC0328}.Release|Any CPU.Build.0 = Release|Any CPU
		{5556A8E7-156C-47C1-8A7D-76F274CAC702}.Debug|Any CPU.ActiveCfg = Debug|Any CPU
		{5556A8E7-156C-47C1-8A7D-76F274CAC702}.Debug|Any CPU.Build.0 = Debug|Any CPU
		{5556A8E7-156C-47C1-8A7D-76F274CAC702}.Release|Any CPU.ActiveCfg = Release|Any CPU
		{5556A8E7-156C-47C1-8A7D-76F274CAC702}.Release|Any CPU.Build.0 = Release|Any CPU
	EndGlobalSection
	GlobalSection(SolutionProperties) = preSolution
		HideSolutionNode = FALSE
	EndGlobalSection
EndGlobal
